
Microsoft Visual Studio Solution File, Format Version 12.00
# Visual Studio 15
VisualStudioVersion = 15.0.28307.102
MinimumVisualStudioVersion = 10.0.40219.1
Project("{FAE04EC0-301F-11D3-BF4B-00C04F79EFBC}") = "EagleWebSite", "EagleWebSite.csproj", "{B93A546F-6A4A-4ABD-A8BD-78C4875C4F55}"
EndProject
Project("{FAE04EC0-301F-11D3-BF4B-00C04F79EFBC}") = "JSBaseV3", "..\..\..\..\PollTekProjects\JSSQLEnterprise\JSBaseV3\JSBaseV3.csproj", "{B247CAFD-A94A-41B5-953B-D954545236D2}"
EndProject
Global
	GlobalSection(SolutionConfigurationPlatforms) = preSolution
		Debug|Any CPU = Debug|Any CPU
		Release|Any CPU = Release|Any CPU
	EndGlobalSection
	GlobalSection(ProjectConfigurationPlatforms) = postSolution
		{B93A546F-6A4A-4ABD-A8BD-78C4875C4F55}.Debug|Any CPU.ActiveCfg = Debug|Any CPU
		{B93A546F-6A4A-4ABD-A8BD-78C4875C4F55}.Debug|Any CPU.Build.0 = Debug|Any CPU
		{B93A546F-6A4A-4ABD-A8BD-78C4875C4F55}.Release|Any CPU.ActiveCfg = Release|Any CPU
		{B93A546F-6A4A-4ABD-A8BD-78C4875C4F55}.Release|Any CPU.Build.0 = Release|Any CPU
		{B247CAFD-A94A-41B5-953B-D954545236D2}.Debug|Any CPU.ActiveCfg = Debug|Any CPU
		{B247CAFD-A94A-41B5-953B-D954545236D2}.Debug|Any CPU.Build.0 = Debug|Any CPU
		{B247CAFD-A94A-41B5-953B-D954545236D2}.Release|Any CPU.ActiveCfg = Release|Any CPU
		{B247CAFD-A94A-41B5-953B-D954545236D2}.Release|Any CPU.Build.0 = Release|Any CPU
	EndGlobalSection
	GlobalSection(SolutionProperties) = preSolution
		HideSolutionNode = FALSE
	EndGlobalSection
	GlobalSection(ExtensibilityGlobals) = postSolution
		SolutionGuid = {2D46512C-CDD8-44E8-BE4D-05763C9627E1}
	EndGlobalSection
EndGlobal
